// !$*UTF8*$!
{
	archiveVersion = 1;
	classes = {
	};
	objectVersion = 46;
	objects = {

/* Begin PBXAggregateTarget section */
		ECB764801334065500451A54 /* HPUtils */ = {
			isa = PBXAggregateTarget;
			buildConfigurationList = ECB764811334065500451A54 /* Build configuration list for PBXAggregateTarget "HPUtils" */;
			buildPhases = (
				ECB764831334070700451A54 /* ShellScript */,
			);
			dependencies = (
			);
			name = HPUtils;
			productName = HPUtils;
		};
/* End PBXAggregateTarget section */

/* Begin PBXBuildFile section */
		EC1BA20B1557C13900A03925 /* JSONKit.h in Headers */ = {isa = PBXBuildFile; fileRef = EC1BA2081557C13900A03925 /* JSONKit.h */; };
		EC1BA20C1557C13900A03925 /* JSONKit.h in Headers */ = {isa = PBXBuildFile; fileRef = EC1BA2081557C13900A03925 /* JSONKit.h */; };
		EC1BA20D1557C13900A03925 /* JSONKit.m in Sources */ = {isa = PBXBuildFile; fileRef = EC1BA2091557C13900A03925 /* JSONKit.m */; };
		EC1BA20E1557C13900A03925 /* JSONKit.m in Sources */ = {isa = PBXBuildFile; fileRef = EC1BA2091557C13900A03925 /* JSONKit.m */; };
		EC1F156113369AB100385E05 /* HPKeychainItem.h in Headers */ = {isa = PBXBuildFile; fileRef = EC1F155F13369AB100385E05 /* HPKeychainItem.h */; };
		EC1F156213369AB100385E05 /* HPKeychainItem.m in Sources */ = {isa = PBXBuildFile; fileRef = EC1F156013369AB100385E05 /* HPKeychainItem.m */; };
		EC1F156413369B3C00385E05 /* Security.framework in Frameworks */ = {isa = PBXBuildFile; fileRef = EC1F156313369B3C00385E05 /* Security.framework */; };
		EC1F156513369B4400385E05 /* Security.framework in Frameworks */ = {isa = PBXBuildFile; fileRef = EC1F156313369B3C00385E05 /* Security.framework */; };
		EC1F156813369B6600385E05 /* HPAuthenticationManager.h in Headers */ = {isa = PBXBuildFile; fileRef = EC1F156613369B6600385E05 /* HPAuthenticationManager.h */; };
		EC1F156913369B6600385E05 /* HPAuthenticationManager.h in Headers */ = {isa = PBXBuildFile; fileRef = EC1F156613369B6600385E05 /* HPAuthenticationManager.h */; };
		EC1F156A13369B6600385E05 /* HPAuthenticationManager.m in Sources */ = {isa = PBXBuildFile; fileRef = EC1F156713369B6600385E05 /* HPAuthenticationManager.m */; };
		EC1F156B13369B6600385E05 /* HPAuthenticationManager.m in Sources */ = {isa = PBXBuildFile; fileRef = EC1F156713369B6600385E05 /* HPAuthenticationManager.m */; };
		EC1F156E1336A5DF00385E05 /* HPKeychainItem.m in Sources */ = {isa = PBXBuildFile; fileRef = EC1F156013369AB100385E05 /* HPKeychainItem.m */; };
		EC1F157A1336ABD000385E05 /* HPEditableTableViewCell.h in Headers */ = {isa = PBXBuildFile; fileRef = EC1F15781336ABD000385E05 /* HPEditableTableViewCell.h */; };
		EC1F157B1336ABD000385E05 /* HPEditableTableViewCell.h in Headers */ = {isa = PBXBuildFile; fileRef = EC1F15781336ABD000385E05 /* HPEditableTableViewCell.h */; };
		EC1F157C1336ABD000385E05 /* HPEditableTableViewCell.m in Sources */ = {isa = PBXBuildFile; fileRef = EC1F15791336ABD000385E05 /* HPEditableTableViewCell.m */; };
		EC1F157D1336ABD000385E05 /* HPEditableTableViewCell.m in Sources */ = {isa = PBXBuildFile; fileRef = EC1F15791336ABD000385E05 /* HPEditableTableViewCell.m */; };
		EC24F0F81561723200628299 /* HPGalleryView.h in Headers */ = {isa = PBXBuildFile; fileRef = EC24F0F61561723200628299 /* HPGalleryView.h */; };
		EC24F0F91561723200628299 /* HPGalleryView.h in Headers */ = {isa = PBXBuildFile; fileRef = EC24F0F61561723200628299 /* HPGalleryView.h */; };
		EC24F0FA1561723200628299 /* HPGalleryView.m in Sources */ = {isa = PBXBuildFile; fileRef = EC24F0F71561723200628299 /* HPGalleryView.m */; };
		EC24F0FB1561723200628299 /* HPGalleryView.m in Sources */ = {isa = PBXBuildFile; fileRef = EC24F0F71561723200628299 /* HPGalleryView.m */; };
		EC24F10715624B4100628299 /* HPPhotoView.h in Headers */ = {isa = PBXBuildFile; fileRef = EC24F10515624B4100628299 /* HPPhotoView.h */; };
		EC24F10815624B4100628299 /* HPPhotoView.h in Headers */ = {isa = PBXBuildFile; fileRef = EC24F10515624B4100628299 /* HPPhotoView.h */; };
		EC24F10915624B4100628299 /* HPPhotoView.m in Sources */ = {isa = PBXBuildFile; fileRef = EC24F10615624B4100628299 /* HPPhotoView.m */; };
		EC24F10A15624B4100628299 /* HPPhotoView.m in Sources */ = {isa = PBXBuildFile; fileRef = EC24F10615624B4100628299 /* HPPhotoView.m */; };
		EC46DF6413340D030075E597 /* UIColor+HPColorAdditions.h in Headers */ = {isa = PBXBuildFile; fileRef = EC46DF6213340D030075E597 /* UIColor+HPColorAdditions.h */; };
		EC46DF6513340D030075E597 /* UIColor+HPColorAdditions.m in Sources */ = {isa = PBXBuildFile; fileRef = EC46DF6313340D030075E597 /* UIColor+HPColorAdditions.m */; };
		EC46DF6713340D270075E597 /* UIKit.framework in Frameworks */ = {isa = PBXBuildFile; fileRef = EC46DF6613340D270075E597 /* UIKit.framework */; };
		EC46DF6813340D2F0075E597 /* UIKit.framework in Frameworks */ = {isa = PBXBuildFile; fileRef = EC46DF6613340D270075E597 /* UIKit.framework */; };
		EC46DF71133410C80075E597 /* UIScreen+HPScaleAdditions.h in Headers */ = {isa = PBXBuildFile; fileRef = EC46DF6F133410C80075E597 /* UIScreen+HPScaleAdditions.h */; };
		EC46DF72133410C80075E597 /* UIScreen+HPScaleAdditions.m in Sources */ = {isa = PBXBuildFile; fileRef = EC46DF70133410C80075E597 /* UIScreen+HPScaleAdditions.m */; };
		EC46DF75133411010075E597 /* NSString+HPHashAdditions.h in Headers */ = {isa = PBXBuildFile; fileRef = EC46DF73133411000075E597 /* NSString+HPHashAdditions.h */; };
		EC46DF76133411010075E597 /* NSString+HPHashAdditions.m in Sources */ = {isa = PBXBuildFile; fileRef = EC46DF74133411000075E597 /* NSString+HPHashAdditions.m */; };
		EC46DF871334122E0075E597 /* NSDate+HPTimeSinceAdditions.h in Headers */ = {isa = PBXBuildFile; fileRef = EC46DF851334122C0075E597 /* NSDate+HPTimeSinceAdditions.h */; };
		EC46DF881334122E0075E597 /* NSDate+HPTimeSinceAdditions.m in Sources */ = {isa = PBXBuildFile; fileRef = EC46DF861334122D0075E597 /* NSDate+HPTimeSinceAdditions.m */; };
		EC46DF8B1334129C0075E597 /* NSObject+HPKVCAdditions.h in Headers */ = {isa = PBXBuildFile; fileRef = EC46DF891334129A0075E597 /* NSObject+HPKVCAdditions.h */; };
		EC46DF8C1334129C0075E597 /* NSObject+HPKVCAdditions.m in Sources */ = {isa = PBXBuildFile; fileRef = EC46DF8A1334129B0075E597 /* NSObject+HPKVCAdditions.m */; };
		EC46DF8F133412DF0075E597 /* UIDevice+HPCapabilityAdditions.h in Headers */ = {isa = PBXBuildFile; fileRef = EC46DF8D133412DA0075E597 /* UIDevice+HPCapabilityAdditions.h */; };
		EC46DF90133412DF0075E597 /* UIDevice+HPCapabilityAdditions.h in Headers */ = {isa = PBXBuildFile; fileRef = EC46DF8D133412DA0075E597 /* UIDevice+HPCapabilityAdditions.h */; };
		EC46DF91133412DF0075E597 /* UIDevice+HPCapabilityAdditions.m in Sources */ = {isa = PBXBuildFile; fileRef = EC46DF8E133412DC0075E597 /* UIDevice+HPCapabilityAdditions.m */; };
		EC46DF92133412DF0075E597 /* UIDevice+HPCapabilityAdditions.m in Sources */ = {isa = PBXBuildFile; fileRef = EC46DF8E133412DC0075E597 /* UIDevice+HPCapabilityAdditions.m */; };
		EC46DF95133414D50075E597 /* HPCacheManager.h in Headers */ = {isa = PBXBuildFile; fileRef = EC46DF93133414D50075E597 /* HPCacheManager.h */; };
		EC46DF96133414D50075E597 /* HPCacheManager.h in Headers */ = {isa = PBXBuildFile; fileRef = EC46DF93133414D50075E597 /* HPCacheManager.h */; };
		EC46DF97133414D50075E597 /* HPCacheManager.m in Sources */ = {isa = PBXBuildFile; fileRef = EC46DF94133414D50075E597 /* HPCacheManager.m */; };
		EC46DF98133414D50075E597 /* HPCacheManager.m in Sources */ = {isa = PBXBuildFile; fileRef = EC46DF94133414D50075E597 /* HPCacheManager.m */; };
		EC46DF991334159C0075E597 /* UIColor+HPColorAdditions.m in Sources */ = {isa = PBXBuildFile; fileRef = EC46DF6313340D030075E597 /* UIColor+HPColorAdditions.m */; };
		EC46DF9A133415A00075E597 /* UIScreen+HPScaleAdditions.m in Sources */ = {isa = PBXBuildFile; fileRef = EC46DF70133410C80075E597 /* UIScreen+HPScaleAdditions.m */; };
		EC46DF9B133415A70075E597 /* NSString+HPHashAdditions.m in Sources */ = {isa = PBXBuildFile; fileRef = EC46DF74133411000075E597 /* NSString+HPHashAdditions.m */; };
		EC46DF9C133415AB0075E597 /* NSDate+HPTimeSinceAdditions.m in Sources */ = {isa = PBXBuildFile; fileRef = EC46DF861334122D0075E597 /* NSDate+HPTimeSinceAdditions.m */; };
		EC46DF9D133415B00075E597 /* NSObject+HPKVCAdditions.m in Sources */ = {isa = PBXBuildFile; fileRef = EC46DF8A1334129B0075E597 /* NSObject+HPKVCAdditions.m */; };
		EC46DFA0133416380075E597 /* HPReachabilityManager.h in Headers */ = {isa = PBXBuildFile; fileRef = EC46DF9E133416370075E597 /* HPReachabilityManager.h */; };
		EC46DFA1133416380075E597 /* HPReachabilityManager.m in Sources */ = {isa = PBXBuildFile; fileRef = EC46DF9F133416380075E597 /* HPReachabilityManager.m */; };
		EC46DFA3133417600075E597 /* SystemConfiguration.framework in Frameworks */ = {isa = PBXBuildFile; fileRef = EC46DFA2133417600075E597 /* SystemConfiguration.framework */; };
		EC46DFA5133417740075E597 /* CoreLocation.framework in Frameworks */ = {isa = PBXBuildFile; fileRef = EC46DFA4133417730075E597 /* CoreLocation.framework */; };
		EC46DFA6133417810075E597 /* CoreLocation.framework in Frameworks */ = {isa = PBXBuildFile; fileRef = EC46DFA4133417730075E597 /* CoreLocation.framework */; };
		EC46DFA7133417810075E597 /* SystemConfiguration.framework in Frameworks */ = {isa = PBXBuildFile; fileRef = EC46DFA2133417600075E597 /* SystemConfiguration.framework */; };
		EC46DFA8133417950075E597 /* HPReachabilityManager.m in Sources */ = {isa = PBXBuildFile; fileRef = EC46DF9F133416380075E597 /* HPReachabilityManager.m */; };
		EC46DFAB133417A40075E597 /* HPLocationManager.h in Headers */ = {isa = PBXBuildFile; fileRef = EC46DFA9133417A40075E597 /* HPLocationManager.h */; };
		EC46DFAC133417A40075E597 /* HPLocationManager.m in Sources */ = {isa = PBXBuildFile; fileRef = EC46DFAA133417A40075E597 /* HPLocationManager.m */; };
		EC46DFAE133418980075E597 /* HPErrors.h in Headers */ = {isa = PBXBuildFile; fileRef = EC46DFAD133418960075E597 /* HPErrors.h */; };
		EC46DFB2133419CC0075E597 /* HPImageOperation.h in Headers */ = {isa = PBXBuildFile; fileRef = EC46DFB0133419CC0075E597 /* HPImageOperation.h */; };
		EC46DFB3133419CC0075E597 /* HPImageOperation.h in Headers */ = {isa = PBXBuildFile; fileRef = EC46DFB0133419CC0075E597 /* HPImageOperation.h */; };
		EC46DFB4133419CC0075E597 /* HPImageOperation.m in Sources */ = {isa = PBXBuildFile; fileRef = EC46DFB1133419CC0075E597 /* HPImageOperation.m */; };
		EC46DFB5133419CC0075E597 /* HPImageOperation.m in Sources */ = {isa = PBXBuildFile; fileRef = EC46DFB1133419CC0075E597 /* HPImageOperation.m */; };
		EC46DFB813341E260075E597 /* HPRequestOperation.h in Headers */ = {isa = PBXBuildFile; fileRef = EC46DFB613341E260075E597 /* HPRequestOperation.h */; };
		EC46DFB913341E260075E597 /* HPRequestOperation.h in Headers */ = {isa = PBXBuildFile; fileRef = EC46DFB613341E260075E597 /* HPRequestOperation.h */; };
		EC46DFBA13341E260075E597 /* HPRequestOperation.m in Sources */ = {isa = PBXBuildFile; fileRef = EC46DFB713341E260075E597 /* HPRequestOperation.m */; };
		EC46DFBB13341E260075E597 /* HPRequestOperation.m in Sources */ = {isa = PBXBuildFile; fileRef = EC46DFB713341E260075E597 /* HPRequestOperation.m */; };
		EC46DFBE133420E50075E597 /* HPImageLoadingTableViewController.h in Headers */ = {isa = PBXBuildFile; fileRef = EC46DFBC133420E40075E597 /* HPImageLoadingTableViewController.h */; };
		EC46DFBF133420E50075E597 /* HPImageLoadingTableViewController.h in Headers */ = {isa = PBXBuildFile; fileRef = EC46DFBC133420E40075E597 /* HPImageLoadingTableViewController.h */; };
		EC46DFC0133420E50075E597 /* HPImageLoadingTableViewController.m in Sources */ = {isa = PBXBuildFile; fileRef = EC46DFBD133420E40075E597 /* HPImageLoadingTableViewController.m */; };
		EC46DFC1133420E50075E597 /* HPImageLoadingTableViewController.m in Sources */ = {isa = PBXBuildFile; fileRef = EC46DFBD133420E40075E597 /* HPImageLoadingTableViewController.m */; };
		EC46DFC4133421320075E597 /* HPRequestManager.h in Headers */ = {isa = PBXBuildFile; fileRef = EC46DFC21334212F0075E597 /* HPRequestManager.h */; };
		EC46DFC5133421320075E597 /* HPRequestManager.h in Headers */ = {isa = PBXBuildFile; fileRef = EC46DFC21334212F0075E597 /* HPRequestManager.h */; };
		EC46DFC6133421320075E597 /* HPRequestManager.m in Sources */ = {isa = PBXBuildFile; fileRef = EC46DFC3133421300075E597 /* HPRequestManager.m */; };
		EC46DFC7133421320075E597 /* HPRequestManager.m in Sources */ = {isa = PBXBuildFile; fileRef = EC46DFC3133421300075E597 /* HPRequestManager.m */; };
		EC46DFEA133429A00075E597 /* HPLocationManager.m in Sources */ = {isa = PBXBuildFile; fileRef = EC46DFAA133417A40075E597 /* HPLocationManager.m */; };
		EC46DFED133516330075E597 /* HPLoadingWindow.h in Headers */ = {isa = PBXBuildFile; fileRef = EC46DFEB133516320075E597 /* HPLoadingWindow.h */; };
		EC46DFEE133516330075E597 /* HPLoadingWindow.h in Headers */ = {isa = PBXBuildFile; fileRef = EC46DFEB133516320075E597 /* HPLoadingWindow.h */; };
		EC46DFEF133516330075E597 /* HPLoadingWindow.m in Sources */ = {isa = PBXBuildFile; fileRef = EC46DFEC133516320075E597 /* HPLoadingWindow.m */; };
		EC46DFF0133516330075E597 /* HPLoadingWindow.m in Sources */ = {isa = PBXBuildFile; fileRef = EC46DFEC133516320075E597 /* HPLoadingWindow.m */; };
		EC6AEE211337C7F200D4CF26 /* HPInteractiveView.h in Headers */ = {isa = PBXBuildFile; fileRef = EC6AEE1F1337C7F100D4CF26 /* HPInteractiveView.h */; };
		EC6AEE221337C7F200D4CF26 /* HPInteractiveView.h in Headers */ = {isa = PBXBuildFile; fileRef = EC6AEE1F1337C7F100D4CF26 /* HPInteractiveView.h */; };
		EC6AEE231337C7F200D4CF26 /* HPInteractiveView.m in Sources */ = {isa = PBXBuildFile; fileRef = EC6AEE201337C7F100D4CF26 /* HPInteractiveView.m */; };
		EC6AEE241337C7F200D4CF26 /* HPInteractiveView.m in Sources */ = {isa = PBXBuildFile; fileRef = EC6AEE201337C7F100D4CF26 /* HPInteractiveView.m */; };
		EC6AEE281337C80C00D4CF26 /* UITouch+HPTouchSorting.h in Headers */ = {isa = PBXBuildFile; fileRef = EC6AEE261337C80C00D4CF26 /* UITouch+HPTouchSorting.h */; };
		EC6AEE291337C80C00D4CF26 /* UITouch+HPTouchSorting.m in Sources */ = {isa = PBXBuildFile; fileRef = EC6AEE271337C80C00D4CF26 /* UITouch+HPTouchSorting.m */; };
		EC6AEE2A1337C93B00D4CF26 /* UITouch+HPTouchSorting.m in Sources */ = {isa = PBXBuildFile; fileRef = EC6AEE271337C80C00D4CF26 /* UITouch+HPTouchSorting.m */; };
		EC6AEE4F13381BDC00D4CF26 /* NSData+HPBase64Additions.h in Headers */ = {isa = PBXBuildFile; fileRef = EC6AEE4D13381BD900D4CF26 /* NSData+HPBase64Additions.h */; };
		EC6AEE5013381BDC00D4CF26 /* NSData+HPBase64Additions.m in Sources */ = {isa = PBXBuildFile; fileRef = EC6AEE4E13381BDA00D4CF26 /* NSData+HPBase64Additions.m */; };
		EC6AEE5113381C1F00D4CF26 /* NSData+HPBase64Additions.m in Sources */ = {isa = PBXBuildFile; fileRef = EC6AEE4E13381BDA00D4CF26 /* NSData+HPBase64Additions.m */; };
		EC6AEE5413381D5A00D4CF26 /* HPS3UploadOperation.h in Headers */ = {isa = PBXBuildFile; fileRef = EC6AEE5213381D5900D4CF26 /* HPS3UploadOperation.h */; };
		EC6AEE5513381D5A00D4CF26 /* HPS3UploadOperation.h in Headers */ = {isa = PBXBuildFile; fileRef = EC6AEE5213381D5900D4CF26 /* HPS3UploadOperation.h */; };
		EC6AEE5613381D5A00D4CF26 /* HPS3UploadOperation.m in Sources */ = {isa = PBXBuildFile; fileRef = EC6AEE5313381D5900D4CF26 /* HPS3UploadOperation.m */; };
		EC6AEE5713381D5A00D4CF26 /* HPS3UploadOperation.m in Sources */ = {isa = PBXBuildFile; fileRef = EC6AEE5313381D5900D4CF26 /* HPS3UploadOperation.m */; };
		EC6DCD701412DCFD0028B073 /* CrashReporter.framework in Frameworks */ = {isa = PBXBuildFile; fileRef = EC6DCD6F1412DCFD0028B073 /* CrashReporter.framework */; };
		EC6DCD711412DD0C0028B073 /* CrashReporter.framework in Frameworks */ = {isa = PBXBuildFile; fileRef = EC6DCD6F1412DCFD0028B073 /* CrashReporter.framework */; };
		EC79140E13668A3E0099AD73 /* HPWebViewController.h in Headers */ = {isa = PBXBuildFile; fileRef = EC79140C13668A3E0099AD73 /* HPWebViewController.h */; };
		EC79140F13668A3E0099AD73 /* HPWebViewController.m in Sources */ = {isa = PBXBuildFile; fileRef = EC79140D13668A3E0099AD73 /* HPWebViewController.m */; };
		EC791429136691370099AD73 /* HPWebViewController.m in Sources */ = {isa = PBXBuildFile; fileRef = EC79140D13668A3E0099AD73 /* HPWebViewController.m */; };
		ECB55F72135B770900E8ED26 /* HPScrollView.h in Headers */ = {isa = PBXBuildFile; fileRef = ECB55F70135B770900E8ED26 /* HPScrollView.h */; };
		ECB55F73135B770900E8ED26 /* HPScrollView.h in Headers */ = {isa = PBXBuildFile; fileRef = ECB55F70135B770900E8ED26 /* HPScrollView.h */; };
		ECB55F74135B770900E8ED26 /* HPScrollView.m in Sources */ = {isa = PBXBuildFile; fileRef = ECB55F71135B770900E8ED26 /* HPScrollView.m */; };
		ECB55F75135B770900E8ED26 /* HPScrollView.m in Sources */ = {isa = PBXBuildFile; fileRef = ECB55F71135B770900E8ED26 /* HPScrollView.m */; };
		ECB76456133400D000451A54 /* Foundation.framework in Frameworks */ = {isa = PBXBuildFile; fileRef = ECB76455133400D000451A54 /* Foundation.framework */; };
		ECB764691334015400451A54 /* HPUtils-Prefix.pch in Headers */ = {isa = PBXBuildFile; fileRef = ECB764671334015400451A54 /* HPUtils-Prefix.pch */; };
		ECB7646C1334020300451A54 /* HPUtils.h in Headers */ = {isa = PBXBuildFile; fileRef = ECB7646B1334020300451A54 /* HPUtils.h */; };
		ECB7646F1334027F00451A54 /* HPLoadingView.h in Headers */ = {isa = PBXBuildFile; fileRef = ECB7646D1334027F00451A54 /* HPLoadingView.h */; };
		ECB764701334027F00451A54 /* HPLoadingView.m in Sources */ = {isa = PBXBuildFile; fileRef = ECB7646E1334027F00451A54 /* HPLoadingView.m */; };
		ECB76473133402CB00451A54 /* HPLoadingViewController.h in Headers */ = {isa = PBXBuildFile; fileRef = ECB76471133402CB00451A54 /* HPLoadingViewController.h */; };
		ECB76474133402CB00451A54 /* HPLoadingViewController.m in Sources */ = {isa = PBXBuildFile; fileRef = ECB76472133402CB00451A54 /* HPLoadingViewController.m */; };
		ECB7647A133405FC00451A54 /* Foundation.framework in Frameworks */ = {isa = PBXBuildFile; fileRef = ECB76455133400D000451A54 /* Foundation.framework */; };
		ECB764841334076500451A54 /* HPLoadingView.m in Sources */ = {isa = PBXBuildFile; fileRef = ECB7646E1334027F00451A54 /* HPLoadingView.m */; };
		ECB764851334076900451A54 /* HPLoadingViewController.m in Sources */ = {isa = PBXBuildFile; fileRef = ECB76472133402CB00451A54 /* HPLoadingViewController.m */; };
		ECE709651585FC5400DFE9E8 /* HPGalleryViewController.h in Headers */ = {isa = PBXBuildFile; fileRef = ECE709631585FC5400DFE9E8 /* HPGalleryViewController.h */; };
		ECE709661585FC5400DFE9E8 /* HPGalleryViewController.h in Headers */ = {isa = PBXBuildFile; fileRef = ECE709631585FC5400DFE9E8 /* HPGalleryViewController.h */; };
		ECE709671585FC5400DFE9E8 /* HPGalleryViewController.m in Sources */ = {isa = PBXBuildFile; fileRef = ECE709641585FC5400DFE9E8 /* HPGalleryViewController.m */; };
		ECE709681585FC5400DFE9E8 /* HPGalleryViewController.m in Sources */ = {isa = PBXBuildFile; fileRef = ECE709641585FC5400DFE9E8 /* HPGalleryViewController.m */; };
		ECE7096E158601F500DFE9E8 /* HPModalViewControllerDelegate.h in Headers */ = {isa = PBXBuildFile; fileRef = ECE7096D158601F500DFE9E8 /* HPModalViewControllerDelegate.h */; };
		ECE7096F158601F500DFE9E8 /* HPModalViewControllerDelegate.h in Headers */ = {isa = PBXBuildFile; fileRef = ECE7096D158601F500DFE9E8 /* HPModalViewControllerDelegate.h */; };
/* End PBXBuildFile section */

/* Begin PBXFileReference section */
		EC0EC7831335636D00BD383A /* error.png */ = {isa = PBXFileReference; lastKnownFileType = image.png; path = error.png; sourceTree = "<group>"; };
		EC0EC7841335636D00BD383A /* error@2x.png */ = {isa = PBXFileReference; lastKnownFileType = image.png; path = "error@2x.png"; sourceTree = "<group>"; };
		EC0EC7851335636D00BD383A /* success.png */ = {isa = PBXFileReference; lastKnownFileType = image.png; path = success.png; sourceTree = "<group>"; };
		EC0EC7861335636D00BD383A /* success@2x.png */ = {isa = PBXFileReference; lastKnownFileType = image.png; path = "success@2x.png"; sourceTree = "<group>"; };
		EC0EC7871335636D00BD383A /* warning.png */ = {isa = PBXFileReference; lastKnownFileType = image.png; path = warning.png; sourceTree = "<group>"; };
		EC0EC7881335636D00BD383A /* warning@2x.png */ = {isa = PBXFileReference; lastKnownFileType = image.png; path = "warning@2x.png"; sourceTree = "<group>"; };
		EC1BA2071557C13900A03925 /* CHANGELOG.md */ = {isa = PBXFileReference; fileEncoding = 4; lastKnownFileType = text; path = CHANGELOG.md; sourceTree = "<group>"; };
		EC1BA2081557C13900A03925 /* JSONKit.h */ = {isa = PBXFileReference; fileEncoding = 4; lastKnownFileType = sourcecode.c.h; path = JSONKit.h; sourceTree = "<group>"; };
		EC1BA2091557C13900A03925 /* JSONKit.m */ = {isa = PBXFileReference; fileEncoding = 4; lastKnownFileType = sourcecode.c.objc; path = JSONKit.m; sourceTree = "<group>"; };
		EC1BA20A1557C13900A03925 /* README.md */ = {isa = PBXFileReference; fileEncoding = 4; lastKnownFileType = text; path = README.md; sourceTree = "<group>"; };
		EC1F155F13369AB100385E05 /* HPKeychainItem.h */ = {isa = PBXFileReference; fileEncoding = 4; lastKnownFileType = sourcecode.c.h; path = HPKeychainItem.h; sourceTree = "<group>"; };
		EC1F156013369AB100385E05 /* HPKeychainItem.m */ = {isa = PBXFileReference; fileEncoding = 4; lastKnownFileType = sourcecode.c.objc; path = HPKeychainItem.m; sourceTree = "<group>"; };
		EC1F156313369B3C00385E05 /* Security.framework */ = {isa = PBXFileReference; lastKnownFileType = wrapper.framework; name = Security.framework; path = System/Library/Frameworks/Security.framework; sourceTree = SDKROOT; };
		EC1F156613369B6600385E05 /* HPAuthenticationManager.h */ = {isa = PBXFileReference; fileEncoding = 4; lastKnownFileType = sourcecode.c.h; path = HPAuthenticationManager.h; sourceTree = "<group>"; };
		EC1F156713369B6600385E05 /* HPAuthenticationManager.m */ = {isa = PBXFileReference; fileEncoding = 4; lastKnownFileType = sourcecode.c.objc; path = HPAuthenticationManager.m; sourceTree = "<group>"; };
		EC1F15781336ABD000385E05 /* HPEditableTableViewCell.h */ = {isa = PBXFileReference; fileEncoding = 4; lastKnownFileType = sourcecode.c.h; path = HPEditableTableViewCell.h; sourceTree = "<group>"; };
		EC1F15791336ABD000385E05 /* HPEditableTableViewCell.m */ = {isa = PBXFileReference; fileEncoding = 4; lastKnownFileType = sourcecode.c.objc; path = HPEditableTableViewCell.m; sourceTree = "<group>"; };
		EC24F0F61561723200628299 /* HPGalleryView.h */ = {isa = PBXFileReference; fileEncoding = 4; lastKnownFileType = sourcecode.c.h; path = HPGalleryView.h; sourceTree = "<group>"; };
		EC24F0F71561723200628299 /* HPGalleryView.m */ = {isa = PBXFileReference; fileEncoding = 4; lastKnownFileType = sourcecode.c.objc; path = HPGalleryView.m; sourceTree = "<group>"; };
		EC24F10515624B4100628299 /* HPPhotoView.h */ = {isa = PBXFileReference; fileEncoding = 4; lastKnownFileType = sourcecode.c.h; path = HPPhotoView.h; sourceTree = "<group>"; };
		EC24F10615624B4100628299 /* HPPhotoView.m */ = {isa = PBXFileReference; fileEncoding = 4; lastKnownFileType = sourcecode.c.objc; path = HPPhotoView.m; sourceTree = "<group>"; };
		EC46DF6213340D030075E597 /* UIColor+HPColorAdditions.h */ = {isa = PBXFileReference; fileEncoding = 4; lastKnownFileType = sourcecode.c.h; path = "UIColor+HPColorAdditions.h"; sourceTree = "<group>"; };
		EC46DF6313340D030075E597 /* UIColor+HPColorAdditions.m */ = {isa = PBXFileReference; fileEncoding = 4; lastKnownFileType = sourcecode.c.objc; path = "UIColor+HPColorAdditions.m"; sourceTree = "<group>"; };
		EC46DF6613340D270075E597 /* UIKit.framework */ = {isa = PBXFileReference; lastKnownFileType = wrapper.framework; name = UIKit.framework; path = Platforms/iPhoneSimulator.platform/Developer/SDKs/iPhoneSimulator4.3.sdk/System/Library/Frameworks/UIKit.framework; sourceTree = DEVELOPER_DIR; };
		EC46DF6F133410C80075E597 /* UIScreen+HPScaleAdditions.h */ = {isa = PBXFileReference; fileEncoding = 4; lastKnownFileType = sourcecode.c.h; path = "UIScreen+HPScaleAdditions.h"; sourceTree = "<group>"; };
		EC46DF70133410C80075E597 /* UIScreen+HPScaleAdditions.m */ = {isa = PBXFileReference; fileEncoding = 4; lastKnownFileType = sourcecode.c.objc; path = "UIScreen+HPScaleAdditions.m"; sourceTree = "<group>"; };
		EC46DF73133411000075E597 /* NSString+HPHashAdditions.h */ = {isa = PBXFileReference; fileEncoding = 4; lastKnownFileType = sourcecode.c.h; path = "NSString+HPHashAdditions.h"; sourceTree = "<group>"; };
		EC46DF74133411000075E597 /* NSString+HPHashAdditions.m */ = {isa = PBXFileReference; fileEncoding = 4; lastKnownFileType = sourcecode.c.objc; path = "NSString+HPHashAdditions.m"; sourceTree = "<group>"; };
		EC46DF851334122C0075E597 /* NSDate+HPTimeSinceAdditions.h */ = {isa = PBXFileReference; fileEncoding = 4; lastKnownFileType = sourcecode.c.h; path = "NSDate+HPTimeSinceAdditions.h"; sourceTree = "<group>"; };
		EC46DF861334122D0075E597 /* NSDate+HPTimeSinceAdditions.m */ = {isa = PBXFileReference; fileEncoding = 4; lastKnownFileType = sourcecode.c.objc; path = "NSDate+HPTimeSinceAdditions.m"; sourceTree = "<group>"; };
		EC46DF891334129A0075E597 /* NSObject+HPKVCAdditions.h */ = {isa = PBXFileReference; fileEncoding = 4; lastKnownFileType = sourcecode.c.h; path = "NSObject+HPKVCAdditions.h"; sourceTree = "<group>"; };
		EC46DF8A1334129B0075E597 /* NSObject+HPKVCAdditions.m */ = {isa = PBXFileReference; fileEncoding = 4; lastKnownFileType = sourcecode.c.objc; path = "NSObject+HPKVCAdditions.m"; sourceTree = "<group>"; };
		EC46DF8D133412DA0075E597 /* UIDevice+HPCapabilityAdditions.h */ = {isa = PBXFileReference; fileEncoding = 4; lastKnownFileType = sourcecode.c.h; path = "UIDevice+HPCapabilityAdditions.h"; sourceTree = "<group>"; };
		EC46DF8E133412DC0075E597 /* UIDevice+HPCapabilityAdditions.m */ = {isa = PBXFileReference; fileEncoding = 4; lastKnownFileType = sourcecode.c.objc; path = "UIDevice+HPCapabilityAdditions.m"; sourceTree = "<group>"; };
		EC46DF93133414D50075E597 /* HPCacheManager.h */ = {isa = PBXFileReference; fileEncoding = 4; lastKnownFileType = sourcecode.c.h; path = HPCacheManager.h; sourceTree = "<group>"; };
		EC46DF94133414D50075E597 /* HPCacheManager.m */ = {isa = PBXFileReference; fileEncoding = 4; lastKnownFileType = sourcecode.c.objc; path = HPCacheManager.m; sourceTree = "<group>"; };
		EC46DF9E133416370075E597 /* HPReachabilityManager.h */ = {isa = PBXFileReference; fileEncoding = 4; lastKnownFileType = sourcecode.c.h; path = HPReachabilityManager.h; sourceTree = "<group>"; };
		EC46DF9F133416380075E597 /* HPReachabilityManager.m */ = {isa = PBXFileReference; fileEncoding = 4; lastKnownFileType = sourcecode.c.objc; path = HPReachabilityManager.m; sourceTree = "<group>"; };
		EC46DFA2133417600075E597 /* SystemConfiguration.framework */ = {isa = PBXFileReference; lastKnownFileType = wrapper.framework; name = SystemConfiguration.framework; path = System/Library/Frameworks/SystemConfiguration.framework; sourceTree = SDKROOT; };
		EC46DFA4133417730075E597 /* CoreLocation.framework */ = {isa = PBXFileReference; lastKnownFileType = wrapper.framework; name = CoreLocation.framework; path = System/Library/Frameworks/CoreLocation.framework; sourceTree = SDKROOT; };
		EC46DFA9133417A40075E597 /* HPLocationManager.h */ = {isa = PBXFileReference; fileEncoding = 4; lastKnownFileType = sourcecode.c.h; path = HPLocationManager.h; sourceTree = "<group>"; };
		EC46DFAA133417A40075E597 /* HPLocationManager.m */ = {isa = PBXFileReference; fileEncoding = 4; lastKnownFileType = sourcecode.c.objc; path = HPLocationManager.m; sourceTree = "<group>"; };
		EC46DFAD133418960075E597 /* HPErrors.h */ = {isa = PBXFileReference; fileEncoding = 4; lastKnownFileType = sourcecode.c.h; path = HPErrors.h; sourceTree = "<group>"; };
		EC46DFB0133419CC0075E597 /* HPImageOperation.h */ = {isa = PBXFileReference; fileEncoding = 4; lastKnownFileType = sourcecode.c.h; path = HPImageOperation.h; sourceTree = "<group>"; };
		EC46DFB1133419CC0075E597 /* HPImageOperation.m */ = {isa = PBXFileReference; fileEncoding = 4; lastKnownFileType = sourcecode.c.objc; path = HPImageOperation.m; sourceTree = "<group>"; };
		EC46DFB613341E260075E597 /* HPRequestOperation.h */ = {isa = PBXFileReference; fileEncoding = 4; lastKnownFileType = sourcecode.c.h; path = HPRequestOperation.h; sourceTree = "<group>"; };
		EC46DFB713341E260075E597 /* HPRequestOperation.m */ = {isa = PBXFileReference; fileEncoding = 4; lastKnownFileType = sourcecode.c.objc; path = HPRequestOperation.m; sourceTree = "<group>"; };
		EC46DFBC133420E40075E597 /* HPImageLoadingTableViewController.h */ = {isa = PBXFileReference; fileEncoding = 4; lastKnownFileType = sourcecode.c.h; path = HPImageLoadingTableViewController.h; sourceTree = "<group>"; };
		EC46DFBD133420E40075E597 /* HPImageLoadingTableViewController.m */ = {isa = PBXFileReference; fileEncoding = 4; lastKnownFileType = sourcecode.c.objc; path = HPImageLoadingTableViewController.m; sourceTree = "<group>"; };
		EC46DFC21334212F0075E597 /* HPRequestManager.h */ = {isa = PBXFileReference; fileEncoding = 4; lastKnownFileType = sourcecode.c.h; path = HPRequestManager.h; sourceTree = "<group>"; };
		EC46DFC3133421300075E597 /* HPRequestManager.m */ = {isa = PBXFileReference; fileEncoding = 4; lastKnownFileType = sourcecode.c.objc; path = HPRequestManager.m; sourceTree = "<group>"; };
		EC46DFEB133516320075E597 /* HPLoadingWindow.h */ = {isa = PBXFileReference; fileEncoding = 4; lastKnownFileType = sourcecode.c.h; path = HPLoadingWindow.h; sourceTree = "<group>"; };
		EC46DFEC133516320075E597 /* HPLoadingWindow.m */ = {isa = PBXFileReference; fileEncoding = 4; lastKnownFileType = sourcecode.c.objc; path = HPLoadingWindow.m; sourceTree = "<group>"; };
		EC6AEE1F1337C7F100D4CF26 /* HPInteractiveView.h */ = {isa = PBXFileReference; fileEncoding = 4; lastKnownFileType = sourcecode.c.h; path = HPInteractiveView.h; sourceTree = "<group>"; };
		EC6AEE201337C7F100D4CF26 /* HPInteractiveView.m */ = {isa = PBXFileReference; fileEncoding = 4; lastKnownFileType = sourcecode.c.objc; path = HPInteractiveView.m; sourceTree = "<group>"; };
		EC6AEE261337C80C00D4CF26 /* UITouch+HPTouchSorting.h */ = {isa = PBXFileReference; fileEncoding = 4; lastKnownFileType = sourcecode.c.h; path = "UITouch+HPTouchSorting.h"; sourceTree = "<group>"; };
		EC6AEE271337C80C00D4CF26 /* UITouch+HPTouchSorting.m */ = {isa = PBXFileReference; fileEncoding = 4; lastKnownFileType = sourcecode.c.objc; path = "UITouch+HPTouchSorting.m"; sourceTree = "<group>"; };
		EC6AEE4D13381BD900D4CF26 /* NSData+HPBase64Additions.h */ = {isa = PBXFileReference; fileEncoding = 4; lastKnownFileType = sourcecode.c.h; path = "NSData+HPBase64Additions.h"; sourceTree = "<group>"; };
		EC6AEE4E13381BDA00D4CF26 /* NSData+HPBase64Additions.m */ = {isa = PBXFileReference; fileEncoding = 4; lastKnownFileType = sourcecode.c.objc; path = "NSData+HPBase64Additions.m"; sourceTree = "<group>"; };
		EC6AEE5213381D5900D4CF26 /* HPS3UploadOperation.h */ = {isa = PBXFileReference; fileEncoding = 4; lastKnownFileType = sourcecode.c.h; path = HPS3UploadOperation.h; sourceTree = "<group>"; };
		EC6AEE5313381D5900D4CF26 /* HPS3UploadOperation.m */ = {isa = PBXFileReference; fileEncoding = 4; lastKnownFileType = sourcecode.c.objc; path = HPS3UploadOperation.m; sourceTree = "<group>"; };
		EC6DCD6F1412DCFD0028B073 /* CrashReporter.framework */ = {isa = PBXFileReference; lastKnownFileType = wrapper.framework; path = CrashReporter.framework; sourceTree = "<group>"; };
		EC79140C13668A3E0099AD73 /* HPWebViewController.h */ = {isa = PBXFileReference; fileEncoding = 4; lastKnownFileType = sourcecode.c.h; path = HPWebViewController.h; sourceTree = "<group>"; };
		EC79140D13668A3E0099AD73 /* HPWebViewController.m */ = {isa = PBXFileReference; fileEncoding = 4; lastKnownFileType = sourcecode.c.objc; path = HPWebViewController.m; sourceTree = "<group>"; };
		ECB55F70135B770900E8ED26 /* HPScrollView.h */ = {isa = PBXFileReference; fileEncoding = 4; lastKnownFileType = sourcecode.c.h; path = HPScrollView.h; sourceTree = "<group>"; };
		ECB55F71135B770900E8ED26 /* HPScrollView.m */ = {isa = PBXFileReference; fileEncoding = 4; lastKnownFileType = sourcecode.c.objc; path = HPScrollView.m; sourceTree = "<group>"; };
		ECB76452133400D000451A54 /* libHPUtils-Device.a */ = {isa = PBXFileReference; explicitFileType = archive.ar; includeInIndex = 0; path = "libHPUtils-Device.a"; sourceTree = BUILT_PRODUCTS_DIR; };
		ECB76455133400D000451A54 /* Foundation.framework */ = {isa = PBXFileReference; lastKnownFileType = wrapper.framework; name = Foundation.framework; path = System/Library/Frameworks/Foundation.framework; sourceTree = SDKROOT; };
		ECB764671334015400451A54 /* HPUtils-Prefix.pch */ = {isa = PBXFileReference; fileEncoding = 4; lastKnownFileType = sourcecode.c.h; path = "HPUtils-Prefix.pch"; sourceTree = "<group>"; };
		ECB7646B1334020300451A54 /* HPUtils.h */ = {isa = PBXFileReference; fileEncoding = 4; lastKnownFileType = sourcecode.c.h; path = HPUtils.h; sourceTree = "<group>"; };
		ECB7646D1334027F00451A54 /* HPLoadingView.h */ = {isa = PBXFileReference; fileEncoding = 4; lastKnownFileType = sourcecode.c.h; path = HPLoadingView.h; sourceTree = "<group>"; };
		ECB7646E1334027F00451A54 /* HPLoadingView.m */ = {isa = PBXFileReference; fileEncoding = 4; lastKnownFileType = sourcecode.c.objc; path = HPLoadingView.m; sourceTree = "<group>"; };
		ECB76471133402CB00451A54 /* HPLoadingViewController.h */ = {isa = PBXFileReference; fileEncoding = 4; lastKnownFileType = sourcecode.c.h; path = HPLoadingViewController.h; sourceTree = "<group>"; };
		ECB76472133402CB00451A54 /* HPLoadingViewController.m */ = {isa = PBXFileReference; fileEncoding = 4; lastKnownFileType = sourcecode.c.objc; path = HPLoadingViewController.m; sourceTree = "<group>"; };
		ECB76479133405FC00451A54 /* libHPUtils-Simulator.a */ = {isa = PBXFileReference; explicitFileType = archive.ar; includeInIndex = 0; path = "libHPUtils-Simulator.a"; sourceTree = BUILT_PRODUCTS_DIR; };
		ECB7647D133405FC00451A54 /* HPUtils-Simulator-Prefix.pch */ = {isa = PBXFileReference; lastKnownFileType = sourcecode.c.h; path = "HPUtils-Simulator-Prefix.pch"; sourceTree = "<group>"; };
		ECE709631585FC5400DFE9E8 /* HPGalleryViewController.h */ = {isa = PBXFileReference; fileEncoding = 4; lastKnownFileType = sourcecode.c.h; path = HPGalleryViewController.h; sourceTree = "<group>"; };
		ECE709641585FC5400DFE9E8 /* HPGalleryViewController.m */ = {isa = PBXFileReference; fileEncoding = 4; lastKnownFileType = sourcecode.c.objc; path = HPGalleryViewController.m; sourceTree = "<group>"; };
		ECE7096D158601F500DFE9E8 /* HPModalViewControllerDelegate.h */ = {isa = PBXFileReference; fileEncoding = 4; lastKnownFileType = sourcecode.c.h; path = HPModalViewControllerDelegate.h; sourceTree = "<group>"; };
/* End PBXFileReference section */

/* Begin PBXFrameworksBuildPhase section */
		ECB7644F133400D000451A54 /* Frameworks */ = {
			isa = PBXFrameworksBuildPhase;
			buildActionMask = 2147483647;
			files = (
				EC1F156413369B3C00385E05 /* Security.framework in Frameworks */,
				EC46DFA5133417740075E597 /* CoreLocation.framework in Frameworks */,
				EC46DFA3133417600075E597 /* SystemConfiguration.framework in Frameworks */,
				EC46DF6813340D2F0075E597 /* UIKit.framework in Frameworks */,
				ECB76456133400D000451A54 /* Foundation.framework in Frameworks */,
				EC6DCD701412DCFD0028B073 /* CrashReporter.framework in Frameworks */,
			);
			runOnlyForDeploymentPostprocessing = 0;
		};
		ECB76476133405FC00451A54 /* Frameworks */ = {
			isa = PBXFrameworksBuildPhase;
			buildActionMask = 2147483647;
			files = (
				EC46DF6713340D270075E597 /* UIKit.framework in Frameworks */,
				ECB7647A133405FC00451A54 /* Foundation.framework in Frameworks */,
				EC46DFA6133417810075E597 /* CoreLocation.framework in Frameworks */,
				EC46DFA7133417810075E597 /* SystemConfiguration.framework in Frameworks */,
				EC1F156513369B4400385E05 /* Security.framework in Frameworks */,
				EC6DCD711412DD0C0028B073 /* CrashReporter.framework in Frameworks */,
			);
			runOnlyForDeploymentPostprocessing = 0;
		};
/* End PBXFrameworksBuildPhase section */

/* Begin PBXGroup section */
		EC0EC7821335636D00BD383A /* Images */ = {
			isa = PBXGroup;
			children = (
				EC0EC7831335636D00BD383A /* error.png */,
				EC0EC7841335636D00BD383A /* error@2x.png */,
				EC0EC7851335636D00BD383A /* success.png */,
				EC0EC7861335636D00BD383A /* success@2x.png */,
				EC0EC7871335636D00BD383A /* warning.png */,
				EC0EC7881335636D00BD383A /* warning@2x.png */,
			);
			path = Images;
			sourceTree = "<group>";
		};
		EC1BA2061557C13900A03925 /* JSONKit */ = {
			isa = PBXGroup;
			children = (
				EC1BA2071557C13900A03925 /* CHANGELOG.md */,
				EC1BA2081557C13900A03925 /* JSONKit.h */,
				EC1BA2091557C13900A03925 /* JSONKit.m */,
				EC1BA20A1557C13900A03925 /* README.md */,
			);
			path = JSONKit;
			sourceTree = "<group>";
		};
		EC1F155D13369A9500385E05 /* Utilities */ = {
			isa = PBXGroup;
			children = (
				EC1F155F13369AB100385E05 /* HPKeychainItem.h */,
				EC1F156013369AB100385E05 /* HPKeychainItem.m */,
			);
			path = Utilities;
			sourceTree = "<group>";
		};
		EC46DF6113340CEA0075E597 /* Categories */ = {
			isa = PBXGroup;
			children = (
				EC46DF6213340D030075E597 /* UIColor+HPColorAdditions.h */,
				EC46DF6313340D030075E597 /* UIColor+HPColorAdditions.m */,
				EC46DF6F133410C80075E597 /* UIScreen+HPScaleAdditions.h */,
				EC46DF70133410C80075E597 /* UIScreen+HPScaleAdditions.m */,
				EC46DF73133411000075E597 /* NSString+HPHashAdditions.h */,
				EC46DF74133411000075E597 /* NSString+HPHashAdditions.m */,
				EC46DF851334122C0075E597 /* NSDate+HPTimeSinceAdditions.h */,
				EC46DF861334122D0075E597 /* NSDate+HPTimeSinceAdditions.m */,
				EC46DF891334129A0075E597 /* NSObject+HPKVCAdditions.h */,
				EC46DF8A1334129B0075E597 /* NSObject+HPKVCAdditions.m */,
				EC46DF8D133412DA0075E597 /* UIDevice+HPCapabilityAdditions.h */,
				EC46DF8E133412DC0075E597 /* UIDevice+HPCapabilityAdditions.m */,
				EC6AEE261337C80C00D4CF26 /* UITouch+HPTouchSorting.h */,
				EC6AEE271337C80C00D4CF26 /* UITouch+HPTouchSorting.m */,
				EC6AEE4D13381BD900D4CF26 /* NSData+HPBase64Additions.h */,
				EC6AEE4E13381BDA00D4CF26 /* NSData+HPBase64Additions.m */,
			);
			path = Categories;
			sourceTree = "<group>";
		};
		EC46DFAF133419B00075E597 /* Operations */ = {
			isa = PBXGroup;
			children = (
				EC46DFB0133419CC0075E597 /* HPImageOperation.h */,
				EC46DFB1133419CC0075E597 /* HPImageOperation.m */,
				EC46DFB613341E260075E597 /* HPRequestOperation.h */,
				EC46DFB713341E260075E597 /* HPRequestOperation.m */,
				EC6AEE5213381D5900D4CF26 /* HPS3UploadOperation.h */,
				EC6AEE5313381D5900D4CF26 /* HPS3UploadOperation.m */,
			);
			path = Operations;
			sourceTree = "<group>";
		};
		ECB76447133400D000451A54 = {
			isa = PBXGroup;
			children = (
				ECB7645F1334015400451A54 /* Classes */,
				ECB764631334015400451A54 /* Dependencies */,
				ECB764651334015400451A54 /* Resources */,
				ECB764661334015400451A54 /* Support */,
				ECB7647B133405FC00451A54 /* HPUtils-Simulator */,
				ECB76454133400D000451A54 /* Frameworks */,
				ECB76453133400D000451A54 /* Products */,
			);
			sourceTree = "<group>";
		};
		ECB76453133400D000451A54 /* Products */ = {
			isa = PBXGroup;
			children = (
				ECB76452133400D000451A54 /* libHPUtils-Device.a */,
				ECB76479133405FC00451A54 /* libHPUtils-Simulator.a */,
			);
			name = Products;
			sourceTree = "<group>";
		};
		ECB76454133400D000451A54 /* Frameworks */ = {
			isa = PBXGroup;
			children = (
				EC1F156313369B3C00385E05 /* Security.framework */,
				EC46DFA4133417730075E597 /* CoreLocation.framework */,
				EC46DFA2133417600075E597 /* SystemConfiguration.framework */,
				EC46DF6613340D270075E597 /* UIKit.framework */,
				ECB76455133400D000451A54 /* Foundation.framework */,
			);
			name = Frameworks;
			sourceTree = "<group>";
		};
		ECB7645F1334015400451A54 /* Classes */ = {
			isa = PBXGroup;
			children = (
				ECB7646B1334020300451A54 /* HPUtils.h */,
				EC46DFAD133418960075E597 /* HPErrors.h */,
				ECE7096C158601D000DFE9E8 /* Delegates */,
				EC46DF6113340CEA0075E597 /* Categories */,
				ECB764601334015400451A54 /* Controllers */,
				ECB764611334015400451A54 /* Managers */,
				EC46DFAF133419B00075E597 /* Operations */,
				ECB764621334015400451A54 /* Views */,
				EC1F155D13369A9500385E05 /* Utilities */,
			);
			path = Classes;
			sourceTree = "<group>";
		};
		ECB764601334015400451A54 /* Controllers */ = {
			isa = PBXGroup;
			children = (
				ECB76471133402CB00451A54 /* HPLoadingViewController.h */,
				ECB76472133402CB00451A54 /* HPLoadingViewController.m */,
				EC46DFBC133420E40075E597 /* HPImageLoadingTableViewController.h */,
				EC46DFBD133420E40075E597 /* HPImageLoadingTableViewController.m */,
				EC79140C13668A3E0099AD73 /* HPWebViewController.h */,
				EC79140D13668A3E0099AD73 /* HPWebViewController.m */,
				ECE709631585FC5400DFE9E8 /* HPGalleryViewController.h */,
				ECE709641585FC5400DFE9E8 /* HPGalleryViewController.m */,
			);
			path = Controllers;
			sourceTree = "<group>";
		};
		ECB764611334015400451A54 /* Managers */ = {
			isa = PBXGroup;
			children = (
				EC46DF93133414D50075E597 /* HPCacheManager.h */,
				EC46DF94133414D50075E597 /* HPCacheManager.m */,
				EC46DF9E133416370075E597 /* HPReachabilityManager.h */,
				EC46DF9F133416380075E597 /* HPReachabilityManager.m */,
				EC46DFA9133417A40075E597 /* HPLocationManager.h */,
				EC46DFAA133417A40075E597 /* HPLocationManager.m */,
				EC46DFC21334212F0075E597 /* HPRequestManager.h */,
				EC46DFC3133421300075E597 /* HPRequestManager.m */,
				EC1F156613369B6600385E05 /* HPAuthenticationManager.h */,
				EC1F156713369B6600385E05 /* HPAuthenticationManager.m */,
			);
			path = Managers;
			sourceTree = "<group>";
		};
		ECB764621334015400451A54 /* Views */ = {
			isa = PBXGroup;
			children = (
				EC24F10515624B4100628299 /* HPPhotoView.h */,
				EC24F10615624B4100628299 /* HPPhotoView.m */,
				EC24F0F61561723200628299 /* HPGalleryView.h */,
				EC24F0F71561723200628299 /* HPGalleryView.m */,
				ECB7646D1334027F00451A54 /* HPLoadingView.h */,
				ECB7646E1334027F00451A54 /* HPLoadingView.m */,
				EC46DFEB133516320075E597 /* HPLoadingWindow.h */,
				EC46DFEC133516320075E597 /* HPLoadingWindow.m */,
				EC1F15781336ABD000385E05 /* HPEditableTableViewCell.h */,
				EC1F15791336ABD000385E05 /* HPEditableTableViewCell.m */,
				EC6AEE1F1337C7F100D4CF26 /* HPInteractiveView.h */,
				EC6AEE201337C7F100D4CF26 /* HPInteractiveView.m */,
				ECB55F70135B770900E8ED26 /* HPScrollView.h */,
				ECB55F71135B770900E8ED26 /* HPScrollView.m */,
			);
			path = Views;
			sourceTree = "<group>";
		};
		ECB764631334015400451A54 /* Dependencies */ = {
			isa = PBXGroup;
			children = (
				EC1BA2061557C13900A03925 /* JSONKit */,
				EC6DCD6F1412DCFD0028B073 /* CrashReporter.framework */,
			);
			path = Dependencies;
			sourceTree = "<group>";
		};
		ECB764651334015400451A54 /* Resources */ = {
			isa = PBXGroup;
			children = (
				EC0EC7821335636D00BD383A /* Images */,
			);
			path = Resources;
			sourceTree = "<group>";
		};
		ECB764661334015400451A54 /* Support */ = {
			isa = PBXGroup;
			children = (
				ECB764671334015400451A54 /* HPUtils-Prefix.pch */,
			);
			path = Support;
			sourceTree = "<group>";
		};
		ECB7647B133405FC00451A54 /* HPUtils-Simulator */ = {
			isa = PBXGroup;
			children = (
				ECB7647C133405FC00451A54 /* Supporting Files */,
			);
			path = "HPUtils-Simulator";
			sourceTree = "<group>";
		};
		ECB7647C133405FC00451A54 /* Supporting Files */ = {
			isa = PBXGroup;
			children = (
				ECB7647D133405FC00451A54 /* HPUtils-Simulator-Prefix.pch */,
			);
			name = "Supporting Files";
			sourceTree = "<group>";
		};
		ECE7096C158601D000DFE9E8 /* Delegates */ = {
			isa = PBXGroup;
			children = (
				ECE7096D158601F500DFE9E8 /* HPModalViewControllerDelegate.h */,
			);
			path = Delegates;
			sourceTree = "<group>";
		};
/* End PBXGroup section */

/* Begin PBXHeadersBuildPhase section */
		ECB76450133400D000451A54 /* Headers */ = {
			isa = PBXHeadersBuildPhase;
			buildActionMask = 2147483647;
			files = (
				ECB764691334015400451A54 /* HPUtils-Prefix.pch in Headers */,
				ECB7646C1334020300451A54 /* HPUtils.h in Headers */,
				ECB7646F1334027F00451A54 /* HPLoadingView.h in Headers */,
				ECB76473133402CB00451A54 /* HPLoadingViewController.h in Headers */,
				EC46DF6413340D030075E597 /* UIColor+HPColorAdditions.h in Headers */,
				EC46DF71133410C80075E597 /* UIScreen+HPScaleAdditions.h in Headers */,
				EC46DF75133411010075E597 /* NSString+HPHashAdditions.h in Headers */,
				EC46DF871334122E0075E597 /* NSDate+HPTimeSinceAdditions.h in Headers */,
				EC46DF8B1334129C0075E597 /* NSObject+HPKVCAdditions.h in Headers */,
				EC46DF8F133412DF0075E597 /* UIDevice+HPCapabilityAdditions.h in Headers */,
				EC46DF95133414D50075E597 /* HPCacheManager.h in Headers */,
				EC46DFA0133416380075E597 /* HPReachabilityManager.h in Headers */,
				EC46DFAB133417A40075E597 /* HPLocationManager.h in Headers */,
				EC46DFAE133418980075E597 /* HPErrors.h in Headers */,
				EC46DFB2133419CC0075E597 /* HPImageOperation.h in Headers */,
				EC46DFB813341E260075E597 /* HPRequestOperation.h in Headers */,
				EC46DFBE133420E50075E597 /* HPImageLoadingTableViewController.h in Headers */,
				EC46DFC4133421320075E597 /* HPRequestManager.h in Headers */,
				EC46DFED133516330075E597 /* HPLoadingWindow.h in Headers */,
				EC1F156113369AB100385E05 /* HPKeychainItem.h in Headers */,
				EC1F156813369B6600385E05 /* HPAuthenticationManager.h in Headers */,
				EC1F157A1336ABD000385E05 /* HPEditableTableViewCell.h in Headers */,
				EC6AEE211337C7F200D4CF26 /* HPInteractiveView.h in Headers */,
				EC6AEE281337C80C00D4CF26 /* UITouch+HPTouchSorting.h in Headers */,
				EC6AEE4F13381BDC00D4CF26 /* NSData+HPBase64Additions.h in Headers */,
				EC6AEE5413381D5A00D4CF26 /* HPS3UploadOperation.h in Headers */,
				ECB55F72135B770900E8ED26 /* HPScrollView.h in Headers */,
				EC79140E13668A3E0099AD73 /* HPWebViewController.h in Headers */,
				EC1BA20B1557C13900A03925 /* JSONKit.h in Headers */,
				EC24F0F81561723200628299 /* HPGalleryView.h in Headers */,
				EC24F10715624B4100628299 /* HPPhotoView.h in Headers */,
				ECE709651585FC5400DFE9E8 /* HPGalleryViewController.h in Headers */,
				ECE7096E158601F500DFE9E8 /* HPModalViewControllerDelegate.h in Headers */,
			);
			runOnlyForDeploymentPostprocessing = 0;
		};
		ECB76477133405FC00451A54 /* Headers */ = {
			isa = PBXHeadersBuildPhase;
			buildActionMask = 2147483647;
			files = (
				EC46DF90133412DF0075E597 /* UIDevice+HPCapabilityAdditions.h in Headers */,
				EC46DF96133414D50075E597 /* HPCacheManager.h in Headers */,
				EC46DFB3133419CC0075E597 /* HPImageOperation.h in Headers */,
				EC46DFB913341E260075E597 /* HPRequestOperation.h in Headers */,
				EC46DFBF133420E50075E597 /* HPImageLoadingTableViewController.h in Headers */,
				EC46DFC5133421320075E597 /* HPRequestManager.h in Headers */,
				EC46DFEE133516330075E597 /* HPLoadingWindow.h in Headers */,
				EC1F156913369B6600385E05 /* HPAuthenticationManager.h in Headers */,
				EC1F157B1336ABD000385E05 /* HPEditableTableViewCell.h in Headers */,
				EC6AEE221337C7F200D4CF26 /* HPInteractiveView.h in Headers */,
				EC6AEE5513381D5A00D4CF26 /* HPS3UploadOperation.h in Headers */,
				ECB55F73135B770900E8ED26 /* HPScrollView.h in Headers */,
				EC1BA20C1557C13900A03925 /* JSONKit.h in Headers */,
				EC24F0F91561723200628299 /* HPGalleryView.h in Headers */,
				EC24F10815624B4100628299 /* HPPhotoView.h in Headers */,
				ECE709661585FC5400DFE9E8 /* HPGalleryViewController.h in Headers */,
				ECE7096F158601F500DFE9E8 /* HPModalViewControllerDelegate.h in Headers */,
			);
			runOnlyForDeploymentPostprocessing = 0;
		};
/* End PBXHeadersBuildPhase section */

/* Begin PBXNativeTarget section */
		ECB76451133400D000451A54 /* HPUtils-Device */ = {
			isa = PBXNativeTarget;
			buildConfigurationList = ECB7645C133400D000451A54 /* Build configuration list for PBXNativeTarget "HPUtils-Device" */;
			buildPhases = (
				ECB7644E133400D000451A54 /* Sources */,
				ECB7644F133400D000451A54 /* Frameworks */,
				ECB76450133400D000451A54 /* Headers */,
			);
			buildRules = (
			);
			dependencies = (
			);
			name = "HPUtils-Device";
			productName = HPUtils;
			productReference = ECB76452133400D000451A54 /* libHPUtils-Device.a */;
			productType = "com.apple.product-type.library.static";
		};
		ECB76478133405FC00451A54 /* HPUtils-Simulator */ = {
			isa = PBXNativeTarget;
			buildConfigurationList = ECB7647E133405FC00451A54 /* Build configuration list for PBXNativeTarget "HPUtils-Simulator" */;
			buildPhases = (
				ECB76475133405FC00451A54 /* Sources */,
				ECB76476133405FC00451A54 /* Frameworks */,
				ECB76477133405FC00451A54 /* Headers */,
			);
			buildRules = (
			);
			dependencies = (
			);
			name = "HPUtils-Simulator";
			productName = "HPUtils-Simulator";
			productReference = ECB76479133405FC00451A54 /* libHPUtils-Simulator.a */;
			productType = "com.apple.product-type.library.static";
		};
/* End PBXNativeTarget section */

/* Begin PBXProject section */
		ECB76449133400D000451A54 /* Project object */ = {
			isa = PBXProject;
			attributes = {
				LastUpgradeCheck = 0430;
				ORGANIZATIONNAME = "Hippo Foundry";
			};
			buildConfigurationList = ECB7644C133400D000451A54 /* Build configuration list for PBXProject "HPUtils" */;
			compatibilityVersion = "Xcode 3.2";
			developmentRegion = English;
			hasScannedForEncodings = 0;
			knownRegions = (
				en,
			);
			mainGroup = ECB76447133400D000451A54;
			productRefGroup = ECB76453133400D000451A54 /* Products */;
			projectDirPath = "";
			projectRoot = "";
			targets = (
				ECB76451133400D000451A54 /* HPUtils-Device */,
				ECB76478133405FC00451A54 /* HPUtils-Simulator */,
				ECB764801334065500451A54 /* HPUtils */,
			);
		};
/* End PBXProject section */

/* Begin PBXShellScriptBuildPhase section */
		ECB764831334070700451A54 /* ShellScript */ = {
			isa = PBXShellScriptBuildPhase;
			buildActionMask = 2147483647;
			files = (
			);
			inputPaths = (
			);
			outputPaths = (
			);
			runOnlyForDeploymentPostprocessing = 0;
			shellPath = /bin/sh;
			shellScript = "xcodebuild -configuration \"${CONFIGURATION}\" -target \"${PRODUCT_NAME}-Device\" -sdk iphoneos\nxcodebuild -configuration \"${CONFIGURATION}\" -target \"${PRODUCT_NAME}-Simulator\" -sdk iphonesimulator -miphoneos-version-min=3.0\n\nBUILD_DIR=\"${PROJECT_DIR}/build\"\nFRAMEWORK_NAME=${PRODUCT_NAME}\nFRAMEWORK_PATH=\"${BUILD_DIR}/${PRODUCT_NAME}.framework\"\n\nif [ -d \"$FRAMEWORK_PATH\" ]\nthen\necho \"Cleaning existing framework...\"\nrm -rf \"$FRAMEWORK_PATH\"\nfi\n\nmkdir -p \"$FRAMEWORK_PATH\"\nmkdir -p \"$FRAMEWORK_PATH/Headers\"\n\nlipo \"${BUILD_DIR}/${CONFIGURATION}-iphoneos/lib${PRODUCT_NAME}-Device.a\" \\\n\"${BUILD_DIR}/${CONFIGURATION}-iphonesimulator/lib${PRODUCT_NAME}-Simulator.a\" \\\n-create -output \"$FRAMEWORK_PATH/${PRODUCT_NAME}\"\n\nfind \"Classes\" -name \"*.h\" | xargs -tI % cp -fp % \"$FRAMEWORK_PATH/Headers/\"\nfind \"Dependencies\" -name \"*.h\" | xargs -tI % cp -fp % \"$FRAMEWORK_PATH/Headers/\"\n\n/usr/local/bin/appledoc --project-name \"HPUtils\" --project-company \"Hippo Foundry\" --company-id com.hippofoundry --output \"${PROJECT_DIR}/../docs/\" --ignore \"${PROJECT_DIR}/Dependencies\" --ignore \"${PROJECT_DIR}/build\" --ignore \"${PROJECT_DIR}/Resources\" --ignore \"${PROJECT_DIR}/Support\" --logformat xcode --no-create-docset --clean-output --index-desc \"${PROJECT_DIR}/../README.md\" \"${PROJECT_DIR}\"\n\n";
		};
/* End PBXShellScriptBuildPhase section */

/* Begin PBXSourcesBuildPhase section */
		ECB7644E133400D000451A54 /* Sources */ = {
			isa = PBXSourcesBuildPhase;
			buildActionMask = 2147483647;
			files = (
				ECB764701334027F00451A54 /* HPLoadingView.m in Sources */,
				ECB76474133402CB00451A54 /* HPLoadingViewController.m in Sources */,
				EC46DF6513340D030075E597 /* UIColor+HPColorAdditions.m in Sources */,
				EC46DF72133410C80075E597 /* UIScreen+HPScaleAdditions.m in Sources */,
				EC46DF76133411010075E597 /* NSString+HPHashAdditions.m in Sources */,
				EC46DF881334122E0075E597 /* NSDate+HPTimeSinceAdditions.m in Sources */,
				EC46DF8C1334129C0075E597 /* NSObject+HPKVCAdditions.m in Sources */,
				EC46DF91133412DF0075E597 /* UIDevice+HPCapabilityAdditions.m in Sources */,
				EC46DF97133414D50075E597 /* HPCacheManager.m in Sources */,
				EC46DFA1133416380075E597 /* HPReachabilityManager.m in Sources */,
				EC46DFAC133417A40075E597 /* HPLocationManager.m in Sources */,
				EC46DFB4133419CC0075E597 /* HPImageOperation.m in Sources */,
				EC46DFBA13341E260075E597 /* HPRequestOperation.m in Sources */,
				EC46DFC0133420E50075E597 /* HPImageLoadingTableViewController.m in Sources */,
				EC46DFC6133421320075E597 /* HPRequestManager.m in Sources */,
				EC46DFEF133516330075E597 /* HPLoadingWindow.m in Sources */,
				EC1F156213369AB100385E05 /* HPKeychainItem.m in Sources */,
				EC1F156A13369B6600385E05 /* HPAuthenticationManager.m in Sources */,
				EC1F157C1336ABD000385E05 /* HPEditableTableViewCell.m in Sources */,
				EC6AEE231337C7F200D4CF26 /* HPInteractiveView.m in Sources */,
				EC6AEE291337C80C00D4CF26 /* UITouch+HPTouchSorting.m in Sources */,
				EC6AEE5013381BDC00D4CF26 /* NSData+HPBase64Additions.m in Sources */,
				EC6AEE5613381D5A00D4CF26 /* HPS3UploadOperation.m in Sources */,
				ECB55F74135B770900E8ED26 /* HPScrollView.m in Sources */,
				EC79140F13668A3E0099AD73 /* HPWebViewController.m in Sources */,
				EC1BA20D1557C13900A03925 /* JSONKit.m in Sources */,
				EC24F0FA1561723200628299 /* HPGalleryView.m in Sources */,
				EC24F10915624B4100628299 /* HPPhotoView.m in Sources */,
				ECE709671585FC5400DFE9E8 /* HPGalleryViewController.m in Sources */,
			);
			runOnlyForDeploymentPostprocessing = 0;
		};
		ECB76475133405FC00451A54 /* Sources */ = {
			isa = PBXSourcesBuildPhase;
			buildActionMask = 2147483647;
			files = (
				EC46DFEA133429A00075E597 /* HPLocationManager.m in Sources */,
				EC46DF9A133415A00075E597 /* UIScreen+HPScaleAdditions.m in Sources */,
				ECB764841334076500451A54 /* HPLoadingView.m in Sources */,
				EC791429136691370099AD73 /* HPWebViewController.m in Sources */,
				ECB764851334076900451A54 /* HPLoadingViewController.m in Sources */,
				EC46DF9B133415A70075E597 /* NSString+HPHashAdditions.m in Sources */,
				EC46DF9C133415AB0075E597 /* NSDate+HPTimeSinceAdditions.m in Sources */,
				EC46DF92133412DF0075E597 /* UIDevice+HPCapabilityAdditions.m in Sources */,
				EC46DF9D133415B00075E597 /* NSObject+HPKVCAdditions.m in Sources */,
				EC46DF98133414D50075E597 /* HPCacheManager.m in Sources */,
				EC46DFA8133417950075E597 /* HPReachabilityManager.m in Sources */,
				EC6AEE5113381C1F00D4CF26 /* NSData+HPBase64Additions.m in Sources */,
				EC46DF991334159C0075E597 /* UIColor+HPColorAdditions.m in Sources */,
				EC46DFB5133419CC0075E597 /* HPImageOperation.m in Sources */,
				EC6AEE2A1337C93B00D4CF26 /* UITouch+HPTouchSorting.m in Sources */,
				EC46DFBB13341E260075E597 /* HPRequestOperation.m in Sources */,
				EC46DFC1133420E50075E597 /* HPImageLoadingTableViewController.m in Sources */,
				EC46DFC7133421320075E597 /* HPRequestManager.m in Sources */,
				EC46DFF0133516330075E597 /* HPLoadingWindow.m in Sources */,
				EC1F156B13369B6600385E05 /* HPAuthenticationManager.m in Sources */,
				EC1F156E1336A5DF00385E05 /* HPKeychainItem.m in Sources */,
				EC1F157D1336ABD000385E05 /* HPEditableTableViewCell.m in Sources */,
				EC6AEE241337C7F200D4CF26 /* HPInteractiveView.m in Sources */,
				EC6AEE5713381D5A00D4CF26 /* HPS3UploadOperation.m in Sources */,
				ECB55F75135B770900E8ED26 /* HPScrollView.m in Sources */,
				EC1BA20E1557C13900A03925 /* JSONKit.m in Sources */,
				EC24F0FB1561723200628299 /* HPGalleryView.m in Sources */,
				EC24F10A15624B4100628299 /* HPPhotoView.m in Sources */,
				ECE709681585FC5400DFE9E8 /* HPGalleryViewController.m in Sources */,
			);
			runOnlyForDeploymentPostprocessing = 0;
		};
/* End PBXSourcesBuildPhase section */

/* Begin XCBuildConfiguration section */
		ECB7645B133400D000451A54 /* Release */ = {
			isa = XCBuildConfiguration;
			buildSettings = {
				ARCHS = (
					armv7,
					armv6,
					i386,
				);
				GCC_C_LANGUAGE_STANDARD = gnu99;
				GCC_PRECOMPILE_PREFIX_HEADER = YES;
				GCC_PREFIX_HEADER = "Support/HPUtils-Prefix.pch";
				GCC_THUMB_SUPPORT = NO;
				GCC_VERSION = com.apple.compilers.llvmgcc42;
				GCC_WARN_ABOUT_RETURN_TYPE = YES;
				GCC_WARN_UNUSED_VARIABLE = YES;
				IPHONEOS_DEPLOYMENT_TARGET = 4.0;
				OTHER_LDFLAGS = (
					"-ObjC",
					"-all_load",
				);
				SDKROOT = iphoneos;
				TARGETED_DEVICE_FAMILY = "1,2";
				ZERO_LINK = NO;
			};
			name = Release;
		};
		ECB7645E133400D000451A54 /* Release */ = {
			isa = XCBuildConfiguration;
			buildSettings = {
				ALWAYS_SEARCH_USER_PATHS = NO;
				DSTROOT = /tmp/HPUtils.dst;
				FRAMEWORK_SEARCH_PATHS = (
					"$(inherited)",
					"\"$(SRCROOT)/Dependencies\"",
				);
				GCC_THUMB_SUPPORT = NO;
				PRODUCT_NAME = "$(TARGET_NAME)";
			};
			name = Release;
		};
		ECB7647F133405FC00451A54 /* Release */ = {
			isa = XCBuildConfiguration;
			buildSettings = {
				ALWAYS_SEARCH_USER_PATHS = NO;
				DSTROOT = /tmp/HPUtils_Simulator.dst;
				FRAMEWORK_SEARCH_PATHS = (
					"$(inherited)",
					"\"$(SRCROOT)/Dependencies\"",
				);
				PRODUCT_NAME = "$(TARGET_NAME)";
				SDKROOT = iphonesimulator;
			};
			name = Release;
		};
		ECB764821334065500451A54 /* Release */ = {
			isa = XCBuildConfiguration;
			buildSettings = {
				GCC_THUMB_SUPPORT = NO;
				GCC_VERSION = com.apple.compilers.llvm.clang.1_0;
				PRODUCT_NAME = "$(TARGET_NAME)";
			};
			name = Release;
		};
/* End XCBuildConfiguration section */

/* Begin XCConfigurationList section */
		ECB7644C133400D000451A54 /* Build configuration list for PBXProject "HPUtils" */ = {
			isa = XCConfigurationList;
			buildConfigurations = (
				ECB7645B133400D000451A54 /* Release */,
			);
			defaultConfigurationIsVisible = 0;
			defaultConfigurationName = Release;
		};
		ECB7645C133400D000451A54 /* Build configuration list for PBXNativeTarget "HPUtils-Device" */ = {
			isa = XCConfigurationList;
			buildConfigurations = (
				ECB7645E133400D000451A54 /* Release */,
			);
			defaultConfigurationIsVisible = 0;
			defaultConfigurationName = Release;
		};
		ECB7647E133405FC00451A54 /* Build configuration list for PBXNativeTarget "HPUtils-Simulator" */ = {
			isa = XCConfigurationList;
			buildConfigurations = (
				ECB7647F133405FC00451A54 /* Release */,
			);
			defaultConfigurationIsVisible = 0;
			defaultConfigurationName = Release;
		};
		ECB764811334065500451A54 /* Build configuration list for PBXAggregateTarget "HPUtils" */ = {
			isa = XCConfigurationList;
			buildConfigurations = (
				ECB764821334065500451A54 /* Release */,
			);
			defaultConfigurationIsVisible = 0;
			defaultConfigurationName = Release;
		};
/* End XCConfigurationList section */
	};
	rootObject = ECB76449133400D000451A54 /* Project object */;
}
